
Microsoft Visual Studio Solution File, Format Version 12.00
# Visual Studio 14
VisualStudioVersion = 14.0.25420.1
MinimumVisualStudioVersion = 10.0.40219.1
Project("{FAE04EC0-301F-11D3-BF4B-00C04F79EFBC}") = "Matsp.AdobeSign.Common", "Matsp.AdobeSign.Common\Matsp.AdobeSign.Common.csproj", "{CABC9618-FC5F-43DE-9D91-72D5C266C30A}"
EndProject
Project("{FAE04EC0-301F-11D3-BF4B-00C04F79EFBC}") = "ConsoleApplication1", "ConsoleApplication1\ConsoleApplication1.csproj", "{0FE431DF-DA91-4D98-9148-98D1ADF32DBA}"
EndProject
Global
	GlobalSection(SolutionConfigurationPlatforms) = preSolution
		Debug|Any CPU = Debug|Any CPU
		Release|Any CPU = Release|Any CPU
	EndGlobalSection
	GlobalSection(ProjectConfigurationPlatforms) = postSolution
		{CABC9618-FC5F-43DE-9D91-72D5C266C30A}.Debug|Any CPU.ActiveCfg = Debug|Any CPU
		{CABC9618-FC5F-43DE-9D91-72D5C266C30A}.Debug|Any CPU.Build.0 = Debug|Any CPU
		{CABC9618-FC5F-43DE-9D91-72D5C266C30A}.Release|Any CPU.ActiveCfg = Release|Any CPU
		{CABC9618-FC5F-43DE-9D91-72D5C266C30A}.Release|Any CPU.Build.0 = Release|Any CPU
		{0FE431DF-DA91-4D98-9148-98D1ADF32DBA}.Debug|Any CPU.ActiveCfg = Debug|Any CPU
		{0FE431DF-DA91-4D98-9148-98D1ADF32DBA}.Debug|Any CPU.Build.0 = Debug|Any CPU
		{0FE431DF-DA91-4D98-9148-98D1ADF32DBA}.Release|Any CPU.ActiveCfg = Release|Any CPU
		{0FE431DF-DA91-4D98-9148-98D1ADF32DBA}.Release|Any CPU.Build.0 = Release|Any CPU
	EndGlobalSection
	GlobalSection(SolutionProperties) = preSolution
		HideSolutionNode = FALSE
	EndGlobalSection
EndGlobal
