
Microsoft Visual Studio Solution File, Format Version 12.00
# Visual Studio 15
VisualStudioVersion = 15.0.27130.2003
MinimumVisualStudioVersion = 10.0.40219.1
Project("{FAE04EC0-301F-11D3-BF4B-00C04F79EFBC}") = "Akki.NintexAdobeSign", "MAT.NintexAdobeSign\Akki.NintexAdobeSign.csproj", "{EFBB6E8F-9FEC-4670-8381-D87C0D04BDB4}"
EndProject
Project("{FAE04EC0-301F-11D3-BF4B-00C04F79EFBC}") = "Akki.AdobeSign.Common", "Matsp.AdobeSign.Common\Matsp.AdobeSign.Common\Akki.AdobeSign.Common.csproj", "{CABC9618-FC5F-43DE-9D91-72D5C266C30A}"
EndProject
Project("{FAE04EC0-301F-11D3-BF4B-00C04F79EFBC}") = "ConsoleTest", "Matsp.AdobeSign.Common\ConsoleApplication1\ConsoleTest.csproj", "{0FE431DF-DA91-4D98-9148-98D1ADF32DBA}"
EndProject
Global
	GlobalSection(SolutionConfigurationPlatforms) = preSolution
		Debug|Any CPU = Debug|Any CPU
		Release|Any CPU = Release|Any CPU
	EndGlobalSection
	GlobalSection(ProjectConfigurationPlatforms) = postSolution
		{EFBB6E8F-9FEC-4670-8381-D87C0D04BDB4}.Debug|Any CPU.ActiveCfg = Debug|Any CPU
		{EFBB6E8F-9FEC-4670-8381-D87C0D04BDB4}.Debug|Any CPU.Build.0 = Debug|Any CPU
		{EFBB6E8F-9FEC-4670-8381-D87C0D04BDB4}.Debug|Any CPU.Deploy.0 = Debug|Any CPU
		{EFBB6E8F-9FEC-4670-8381-D87C0D04BDB4}.Release|Any CPU.ActiveCfg = Release|Any CPU
		{EFBB6E8F-9FEC-4670-8381-D87C0D04BDB4}.Release|Any CPU.Build.0 = Release|Any CPU
		{EFBB6E8F-9FEC-4670-8381-D87C0D04BDB4}.Release|Any CPU.Deploy.0 = Release|Any CPU
		{CABC9618-FC5F-43DE-9D91-72D5C266C30A}.Debug|Any CPU.ActiveCfg = Debug|Any CPU
		{CABC9618-FC5F-43DE-9D91-72D5C266C30A}.Debug|Any CPU.Build.0 = Debug|Any CPU
		{CABC9618-FC5F-43DE-9D91-72D5C266C30A}.Release|Any CPU.ActiveCfg = Release|Any CPU
		{CABC9618-FC5F-43DE-9D91-72D5C266C30A}.Release|Any CPU.Build.0 = Release|Any CPU
		{0FE431DF-DA91-4D98-9148-98D1ADF32DBA}.Debug|Any CPU.ActiveCfg = Debug|Any CPU
		{0FE431DF-DA91-4D98-9148-98D1ADF32DBA}.Debug|Any CPU.Build.0 = Debug|Any CPU
		{0FE431DF-DA91-4D98-9148-98D1ADF32DBA}.Release|Any CPU.ActiveCfg = Release|Any CPU
		{0FE431DF-DA91-4D98-9148-98D1ADF32DBA}.Release|Any CPU.Build.0 = Release|Any CPU
	EndGlobalSection
	GlobalSection(SolutionProperties) = preSolution
		HideSolutionNode = FALSE
	EndGlobalSection
	GlobalSection(ExtensibilityGlobals) = postSolution
		SolutionGuid = {F2B9D69F-6D20-4492-8F8A-2C6CD11FDE68}
	EndGlobalSection
EndGlobal
